
Microsoft Visual Studio Solution File, Format Version 12.00
# Visual Studio Version 16
VisualStudioVersion = 16.0.32106.194
MinimumVisualStudioVersion = 10.0.40219.1
Project("{FAE04EC0-301F-11D3-BF4B-00C04F79EFBC}") = "MaethsMiscellany", "MaethsMiscellany\MaethsMiscellany.csproj", "{F52E9A28-855F-43E9-B42E-7E206124B579}"
EndProject
Global
	GlobalSection(SolutionConfigurationPlatforms) = preSolution
		Debug|Any CPU = Debug|Any CPU
		Release|Any CPU = Release|Any CPU
	EndGlobalSection
	GlobalSection(ProjectConfigurationPlatforms) = postSolution
		{F52E9A28-855F-43E9-B42E-7E206124B579}.Debug|Any CPU.ActiveCfg = Debug|Any CPU
		{F52E9A28-855F-43E9-B42E-7E206124B579}.Debug|Any CPU.Build.0 = Debug|Any CPU
		{F52E9A28-855F-43E9-B42E-7E206124B579}.Release|Any CPU.ActiveCfg = Release|Any CPU
		{F52E9A28-855F-43E9-B42E-7E206124B579}.Release|Any CPU.Build.0 = Release|Any CPU
	EndGlobalSection
	GlobalSection(SolutionProperties) = preSolution
		HideSolutionNode = FALSE
	EndGlobalSection
	GlobalSection(ExtensibilityGlobals) = postSolution
		SolutionGuid = {B818AD88-5F4C-4A8F-A437-07CC7FCD7CC6}
	EndGlobalSection
EndGlobal
